
Microsoft Visual Studio Solution File, Format Version 12.00
# Visual Studio 14
VisualStudioVersion = 14.0.24720.0
MinimumVisualStudioVersion = 10.0.40219.1
Project("{2150E333-8FDC-42A3-9474-1A3956D46DE8}") = ".nuget", ".nuget", "{DC2AA572-8B1D-48F0-853F-CC46F6B59A15}"
	ProjectSection(SolutionItems) = preProject
		.nuget\NuGet.Config = .nuget\NuGet.Config
		.nuget\NuGet.exe = .nuget\NuGet.exe
	EndProjectSection
EndProject
Project("{2150E333-8FDC-42A3-9474-1A3956D46DE8}") = "build", "build", "{26969FD1-938F-4062-8198-C191A7A10781}"
	ProjectSection(SolutionItems) = preProject
		build-collections.bat = build-collections.bat
		build-collections.fsx = build-collections.fsx
		build-common.bat = build-common.bat
		build-common.fsx = build-common.fsx
		build-io.bat = build-io.bat
		build-io.fsx = build-io.fsx
		build-web.bat = build-web.bat
		build-web.fsx = build-web.fsx
		build.bat = build.bat
		build.fsx = build.fsx
		nuget.bat = nuget.bat
	EndProjectSection
EndProject
Project("{2150E333-8FDC-42A3-9474-1A3956D46DE8}") = "Solution Items", "Solution Items", "{03E6E121-D461-41F5-964D-19EE8DA4FC8B}"
	ProjectSection(SolutionItems) = preProject
		LICENSE = LICENSE
		README.md = README.md
	EndProjectSection
EndProject
Project("{2150E333-8FDC-42A3-9474-1A3956D46DE8}") = "nuget", "nuget", "{6DA09FB1-1122-4E5C-894B-25561DBA75BD}"
	ProjectSection(SolutionItems) = preProject
		nuget\Velyo.Collections.Extensions.nuspec = nuget\Velyo.Collections.Extensions.nuspec
		nuget\Velyo.Extensions.nuspec = nuget\Velyo.Extensions.nuspec
		nuget\Velyo.IO.Extensions.nuspec = nuget\Velyo.IO.Extensions.nuspec
		nuget\Velyo.Web.Extensions.nuspec = nuget\Velyo.Web.Extensions.nuspec
	EndProjectSection
EndProject
Project("{FAE04EC0-301F-11D3-BF4B-00C04F79EFBC}") = "Velyo.Collections.Extensions", "src\Velyo.Collections.Extensions\Velyo.Collections.Extensions.csproj", "{1F850BD8-D906-464F-8433-F794A8A15E33}"
EndProject
Project("{FAE04EC0-301F-11D3-BF4B-00C04F79EFBC}") = "Velyo.Extensions", "src\Velyo.Extensions\Velyo.Extensions.csproj", "{AA528A11-81DC-49E8-A478-441A35736F58}"
EndProject
Project("{FAE04EC0-301F-11D3-BF4B-00C04F79EFBC}") = "Velyo.IO.Extensions", "src\Velyo.IO.Extensions\Velyo.IO.Extensions.csproj", "{35D70109-85A4-405C-87C0-BEA05A953212}"
EndProject
Project("{FAE04EC0-301F-11D3-BF4B-00C04F79EFBC}") = "Velyo.Web.Extensions", "src\Velyo.Web.Extensions\Velyo.Web.Extensions.csproj", "{930D71F6-E1CC-4E1A-B1C5-69E5666FBEBB}"
EndProject
Project("{2150E333-8FDC-42A3-9474-1A3956D46DE8}") = "test", "test", "{EE496BD7-254B-4F88-BEF6-9E73B0A4A6A6}"
EndProject
Project("{FAE04EC0-301F-11D3-BF4B-00C04F79EFBC}") = "Velyo.Extensions.Tests", "test\Velyo.Extensions.Tests\Velyo.Extensions.Tests.csproj", "{C70E445A-27B8-4D27-836E-CA4B4E9A610E}"
EndProject
Project("{FAE04EC0-301F-11D3-BF4B-00C04F79EFBC}") = "Velyo.Collections.Extensions.Tests", "test\Velyo.Collections.Extensions.Tests\Velyo.Collections.Extensions.Tests.csproj", "{3EF52090-7EF3-4279-A5AE-2E1CAC829E8B}"
EndProject
Project("{FAE04EC0-301F-11D3-BF4B-00C04F79EFBC}") = "Velyo.IO.Extensions.Tests", "test\Velyo.IO.Extensions.Tests\Velyo.IO.Extensions.Tests.csproj", "{22EA8ED0-B054-4038-A77D-F3B5121B0321}"
EndProject
Project("{FAE04EC0-301F-11D3-BF4B-00C04F79EFBC}") = "Velyo.Web.Extensions.Tests", "test\Velyo.Web.Extensions.Tests\Velyo.Web.Extensions.Tests.csproj", "{D86DA145-5C16-4DD8-864D-C3F96D07EF69}"
EndProject
Global
	GlobalSection(SolutionConfigurationPlatforms) = preSolution
		Debug|Any CPU = Debug|Any CPU
		Release|Any CPU = Release|Any CPU
	EndGlobalSection
	GlobalSection(ProjectConfigurationPlatforms) = postSolution
		{1F850BD8-D906-464F-8433-F794A8A15E33}.Debug|Any CPU.ActiveCfg = Debug|Any CPU
		{1F850BD8-D906-464F-8433-F794A8A15E33}.Debug|Any CPU.Build.0 = Debug|Any CPU
		{1F850BD8-D906-464F-8433-F794A8A15E33}.Release|Any CPU.ActiveCfg = Release|Any CPU
		{1F850BD8-D906-464F-8433-F794A8A15E33}.Release|Any CPU.Build.0 = Release|Any CPU
		{AA528A11-81DC-49E8-A478-441A35736F58}.Debug|Any CPU.ActiveCfg = Debug|Any CPU
		{AA528A11-81DC-49E8-A478-441A35736F58}.Debug|Any CPU.Build.0 = Debug|Any CPU
		{AA528A11-81DC-49E8-A478-441A35736F58}.Release|Any CPU.ActiveCfg = Release|Any CPU
		{AA528A11-81DC-49E8-A478-441A35736F58}.Release|Any CPU.Build.0 = Release|Any CPU
		{35D70109-85A4-405C-87C0-BEA05A953212}.Debug|Any CPU.ActiveCfg = Debug|Any CPU
		{35D70109-85A4-405C-87C0-BEA05A953212}.Debug|Any CPU.Build.0 = Debug|Any CPU
		{35D70109-85A4-405C-87C0-BEA05A953212}.Release|Any CPU.ActiveCfg = Release|Any CPU
		{35D70109-85A4-405C-87C0-BEA05A953212}.Release|Any CPU.Build.0 = Release|Any CPU
		{930D71F6-E1CC-4E1A-B1C5-69E5666FBEBB}.Debug|Any CPU.ActiveCfg = Debug|Any CPU
		{930D71F6-E1CC-4E1A-B1C5-69E5666FBEBB}.Debug|Any CPU.Build.0 = Debug|Any CPU
		{930D71F6-E1CC-4E1A-B1C5-69E5666FBEBB}.Release|Any CPU.ActiveCfg = Release|Any CPU
		{930D71F6-E1CC-4E1A-B1C5-69E5666FBEBB}.Release|Any CPU.Build.0 = Release|Any CPU
		{C70E445A-27B8-4D27-836E-CA4B4E9A610E}.Debug|Any CPU.ActiveCfg = Debug|Any CPU
		{C70E445A-27B8-4D27-836E-CA4B4E9A610E}.Debug|Any CPU.Build.0 = Debug|Any CPU
		{C70E445A-27B8-4D27-836E-CA4B4E9A610E}.Release|Any CPU.ActiveCfg = Release|Any CPU
		{C70E445A-27B8-4D27-836E-CA4B4E9A610E}.Release|Any CPU.Build.0 = Release|Any CPU
		{3EF52090-7EF3-4279-A5AE-2E1CAC829E8B}.Debug|Any CPU.ActiveCfg = Debug|Any CPU
		{3EF52090-7EF3-4279-A5AE-2E1CAC829E8B}.Debug|Any CPU.Build.0 = Debug|Any CPU
		{3EF52090-7EF3-4279-A5AE-2E1CAC829E8B}.Release|Any CPU.ActiveCfg = Release|Any CPU
		{3EF52090-7EF3-4279-A5AE-2E1CAC829E8B}.Release|Any CPU.Build.0 = Release|Any CPU
		{22EA8ED0-B054-4038-A77D-F3B5121B0321}.Debug|Any CPU.ActiveCfg = Debug|Any CPU
		{22EA8ED0-B054-4038-A77D-F3B5121B0321}.Debug|Any CPU.Build.0 = Debug|Any CPU
		{22EA8ED0-B054-4038-A77D-F3B5121B0321}.Release|Any CPU.ActiveCfg = Release|Any CPU
		{22EA8ED0-B054-4038-A77D-F3B5121B0321}.Release|Any CPU.Build.0 = Release|Any CPU
		{D86DA145-5C16-4DD8-864D-C3F96D07EF69}.Debug|Any CPU.ActiveCfg = Debug|Any CPU
		{D86DA145-5C16-4DD8-864D-C3F96D07EF69}.Debug|Any CPU.Build.0 = Debug|Any CPU
		{D86DA145-5C16-4DD8-864D-C3F96D07EF69}.Release|Any CPU.ActiveCfg = Release|Any CPU
		{D86DA145-5C16-4DD8-864D-C3F96D07EF69}.Release|Any CPU.Build.0 = Release|Any CPU
	EndGlobalSection
	GlobalSection(SolutionProperties) = preSolution
		HideSolutionNode = FALSE
	EndGlobalSection
	GlobalSection(NestedProjects) = preSolution
		{C70E445A-27B8-4D27-836E-CA4B4E9A610E} = {EE496BD7-254B-4F88-BEF6-9E73B0A4A6A6}
		{3EF52090-7EF3-4279-A5AE-2E1CAC829E8B} = {EE496BD7-254B-4F88-BEF6-9E73B0A4A6A6}
		{22EA8ED0-B054-4038-A77D-F3B5121B0321} = {EE496BD7-254B-4F88-BEF6-9E73B0A4A6A6}
		{D86DA145-5C16-4DD8-864D-C3F96D07EF69} = {EE496BD7-254B-4F88-BEF6-9E73B0A4A6A6}
	EndGlobalSection
EndGlobal
